
Microsoft Visual Studio Solution File, Format Version 12.00
# Visual Studio 15
Project("{FAE04EC0-301F-11D3-BF4B-00C04F79EFBC}") = "Metabolon", "Metabolon\Metabolon.csproj", "{999654B9-3950-45EB-920E-1FC7F1228489}"
EndProject
Global
	GlobalSection(SolutionConfigurationPlatforms) = preSolution
		Debug|x86 = Debug|x86
		Release|x86 = Release|x86
	EndGlobalSection
	GlobalSection(ProjectConfigurationPlatforms) = postSolution
		{999654B9-3950-45EB-920E-1FC7F1228489}.Debug|x86.ActiveCfg = Debug|x86
		{999654B9-3950-45EB-920E-1FC7F1228489}.Debug|x86.Build.0 = Debug|x86
		{999654B9-3950-45EB-920E-1FC7F1228489}.Release|x86.ActiveCfg = Release|x86
		{999654B9-3950-45EB-920E-1FC7F1228489}.Release|x86.Build.0 = Release|x86
	EndGlobalSection
EndGlobal
